// !$*UTF8*$!
{
	archiveVersion = 1;
	classes = {
	};
	objectVersion = 46;
	objects = {

/* Begin PBXBuildFile section */
		8FC3EC491C0E90B700F00FCC /* main.cpp in Sources */ = {isa = PBXBuildFile; fileRef = 8FC3EC481C0E90B700F00FCC /* main.cpp */; };
/* End PBXBuildFile section */

/* Begin PBXCopyFilesBuildPhase section */
		8FC3EC431C0E90B700F00FCC /* CopyFiles */ = {
			isa = PBXCopyFilesBuildPhase;
			buildActionMask = 2147483647;
			dstPath = /usr/share/man/man1/;
			dstSubfolderSpec = 0;
			files = (
			);
			runOnlyForDeploymentPostprocessing = 1;
		};
/* End PBXCopyFilesBuildPhase section */

/* Begin PBXFileReference section */
		8FC3EC451C0E90B700F00FCC /* LINKED_LIST_MERGE */ = {isa = PBXFileReference; explicitFileType = "compiled.mach-o.executable"; includeInIndex = 0; path = LINKED_LIST_MERGE; sourceTree = BUILT_PRODUCTS_DIR; };
		8FC3EC481C0E90B700F00FCC /* main.cpp */ = {isa = PBXFileReference; lastKnownFileType = sourcecode.cpp.cpp; path = main.cpp; sourceTree = "<group>"; };
/* End PBXFileReference section */

/* Begin PBXFrameworksBuildPhase section */
		8FC3EC421C0E90B700F00FCC /* Frameworks */ = {
			isa = PBXFrameworksBuildPhase;
			buildActionMask = 2147483647;
			files = (
			);
			runOnlyForDeploymentPostprocessing = 0;
		};
/* End PBXFrameworksBuildPhase section */

/* Begin PBXGroup section */
		8FC3EC3C1C0E90B700F00FCC = {
			isa = PBXGroup;
			children = (
				8FC3EC471C0E90B700F00FCC /* LINKED_LIST_MERGE */,
				8FC3EC461C0E90B700F00FCC /* Products */,
			);
			sourceTree = "<group>";
		};
		8FC3EC461C0E90B700F00FCC /* Products */ = {
			isa = PBXGroup;
			children = (
				8FC3EC451C0E90B700F00FCC /* LINKED_LIST_MERGE */,
			);
			name = Products;
			sourceTree = "<group>";
		};
		8FC3EC471C0E90B700F00FCC /* LINKED_LIST_MERGE */ = {
			isa = PBXGroup;
			children = (
				8FC3EC481C0E90B700F00FCC /* main.cpp */,
			);
			path = LINKED_LIST_MERGE;
			sourceTree = "<group>";
		};
/* End PBXGroup section */

/* Begin PBXNativeTarget section */
		8FC3EC441C0E90B700F00FCC /* LINKED_LIST_MERGE */ = {
			isa = PBXNativeTarget;
			buildConfigurationList = 8FC3EC4C1C0E90B700F00FCC /* Build configuration list for PBXNativeTarget "LINKED_LIST_MERGE" */;
			buildPhases = (
				8FC3EC411C0E90B700F00FCC /* Sources */,
				8FC3EC421C0E90B700F00FCC /* Frameworks */,
				8FC3EC431C0E90B700F00FCC /* CopyFiles */,
			);
			buildRules = (
			);
			dependencies = (
			);
			name = LINKED_LIST_MERGE;
			productName = LINKED_LIST_MERGE;
			productReference = 8FC3EC451C0E90B700F00FCC /* LINKED_LIST_MERGE */;
			productType = "com.apple.product-type.tool";
		};
/* End PBXNativeTarget section */

/* Begin PBXProject section */
		8FC3EC3D1C0E90B700F00FCC /* Project object */ = {
			isa = PBXProject;
			attributes = {
				LastUpgradeCheck = 0710;
				ORGANIZATIONNAME = "Chandan Paul";
				TargetAttributes = {
					8FC3EC441C0E90B700F00FCC = {
						CreatedOnToolsVersion = 7.1.1;
					};
				};
			};
			buildConfigurationList = 8FC3EC401C0E90B700F00FCC /* Build configuration list for PBXProject "LINKED_LIST_MERGE" */;
			compatibilityVersion = "Xcode 3.2";
			developmentRegion = English;
			hasScannedForEncodings = 0;
			knownRegions = (
				en,
			);
			mainGroup = 8FC3EC3C1C0E90B700F00FCC;
			productRefGroup = 8FC3EC461C0E90B700F00FCC /* Products */;
			projectDirPath = "";
			projectRoot = "";
			targets = (
				8FC3EC441C0E90B700F00FCC /* LINKED_LIST_MERGE */,
			);
		};
/* End PBXProject section */

/* Begin PBXSourcesBuildPhase section */
		8FC3EC411C0E90B700F00FCC /* Sources */ = {
			isa = PBXSourcesBuildPhase;
			buildActionMask = 2147483647;
			files = (
				8FC3EC491C0E90B700F00FCC /* main.cpp in Sources */,
			);
			runOnlyForDeploymentPostprocessing = 0;
		};
/* End PBXSourcesBuildPhase section */

/* Begin XCBuildConfiguration section */
		8FC3EC4A1C0E90B700F00FCC /* Debug */ = {
			isa = XCBuildConfiguration;
			buildSettings = {
				ALWAYS_SEARCH_USER_PATHS = NO;
				CLANG_CXX_LANGUAGE_STANDARD = "gnu++0x";
				CLANG_CXX_LIBRARY = "libc++";
				CLANG_ENABLE_MODULES = YES;
				CLANG_ENABLE_OBJC_ARC = YES;
				CLANG_WARN_BOOL_CONVERSION = YES;
				CLANG_WARN_CONSTANT_CONVERSION = YES;
				CLANG_WARN_DIRECT_OBJC_ISA_USAGE = YES_ERROR;
				CLANG_WARN_EMPTY_BODY = YES;
				CLANG_WARN_ENUM_CONVERSION = YES;
				CLANG_WARN_INT_CONVERSION = YES;
				CLANG_WARN_OBJC_ROOT_CLASS = YES_ERROR;
				CLANG_WARN_UNREACHABLE_CODE = YES;
				CLANG_WARN__DUPLICATE_METHOD_MATCH = YES;
				CODE_SIGN_IDENTITY = "-";
				COPY_PHASE_STRIP = NO;
				DEBUG_INFORMATION_FORMAT = dwarf;
				ENABLE_STRICT_OBJC_MSGSEND = YES;
				ENABLE_TESTABILITY = YES;
				GCC_C_LANGUAGE_STANDARD = gnu99;
				GCC_DYNAMIC_NO_PIC = NO;
				GCC_NO_COMMON_BLOCKS = YES;
				GCC_OPTIMIZATION_LEVEL = 0;
				GCC_PREPROCESSOR_DEFINITIONS = (
					"DEBUG=1",
					"$(inherited)",
				);
				GCC_WARN_64_TO_32_BIT_CONVERSION = YES;
				GCC_WARN_ABOUT_RETURN_TYPE = YES_ERROR;
				GCC_WARN_UNDECLARED_SELECTOR = YES;
				GCC_WARN_UNINITIALIZED_AUTOS = YES_AGGRESSIVE;
				GCC_WARN_UNUSED_FUNCTION = YES;
				GCC_WARN_UNUSED_VARIABLE = YES;
				MACOSX_DEPLOYMENT_TARGET = 10.10;
				MTL_ENABLE_DEBUG_INFO = YES;
				ONLY_ACTIVE_ARCH = YES;
				SDKROOT = macosx;
			};
			name = Debug;
		};
		8FC3EC4B1C0E90B700F00FCC /* Release */ = {
			isa = XCBuildConfiguration;
			buildSettings = {
				ALWAYS_SEARCH_USER_PATHS = NO;
				CLANG_CXX_LANGUAGE_STANDARD = "gnu++0x";
				CLANG_CXX_LIBRARY = "libc++";
				CLANG_ENABLE_MODULES = YES;
				CLANG_ENABLE_OBJC_ARC = YES;
				CLANG_WARN_BOOL_CONVERSION = YES;
				CLANG_WARN_CONSTANT_CONVERSION = YES;
				CLANG_WARN_DIRECT_OBJC_ISA_USAGE = YES_ERROR;
				CLANG_WARN_EMPTY_BODY = YES;
				CLANG_WARN_ENUM_CONVERSION = YES;
				CLANG_WARN_INT_CONVERSION = YES;
				CLANG_WARN_OBJC_ROOT_CLASS = YES_ERROR;
				CLANG_WARN_UNREACHABLE_CODE = YES;
				CLANG_WARN__DUPLICATE_METHOD_MATCH = YES;
				CODE_SIGN_IDENTITY = "-";
				COPY_PHASE_STRIP = NO;
				DEBUG_INFORMATION_FORMAT = "dwarf-with-dsym";
				ENABLE_NS_ASSERTIONS = NO;
				ENABLE_STRICT_OBJC_MSGSEND = YES;
				GCC_C_LANGUAGE_STANDARD = gnu99;
				GCC_NO_COMMON_BLOCKS = YES;
				GCC_WARN_64_TO_32_BIT_CONVERSION = YES;
				GCC_WARN_ABOUT_RETURN_TYPE = YES_ERROR;
				GCC_WARN_UNDECLARED_SELECTOR = YES;
				GCC_WARN_UNINITIALIZED_AUTOS = YES_AGGRESSIVE;
				GCC_WARN_UNUSED_FUNCTION = YES;
				GCC_WARN_UNUSED_VARIABLE = YES;
				MACOSX_DEPLOYMENT_TARGET = 10.10;
				MTL_ENABLE_DEBUG_INFO = NO;
				SDKROOT = macosx;
			};
			name = Release;
		};
		8FC3EC4D1C0E90B700F00FCC /* Debug */ = {
			isa = XCBuildConfiguration;
			buildSettings = {
				PRODUCT_NAME = "$(TARGET_NAME)";
			};
			name = Debug;
		};
		8FC3EC4E1C0E90B700F00FCC /* Release */ = {
			isa = XCBuildConfiguration;
			buildSettings = {
				PRODUCT_NAME = "$(TARGET_NAME)";
			};
			name = Release;
		};
/* End XCBuildConfiguration section */

/* Begin XCConfigurationList section */
		8FC3EC401C0E90B700F00FCC /* Build configuration list for PBXProject "LINKED_LIST_MERGE" */ = {
			isa = XCConfigurationList;
			buildConfigurations = (
				8FC3EC4A1C0E90B700F00FCC /* Debug */,
				8FC3EC4B1C0E90B700F00FCC /* Release */,
			);
			defaultConfigurationIsVisible = 0;
			defaultConfigurationName = Release;
		};
		8FC3EC4C1C0E90B700F00FCC /* Build configuration list for PBXNativeTarget "LINKED_LIST_MERGE" */ = {
			isa = XCConfigurationList;
			buildConfigurations = (
				8FC3EC4D1C0E90B700F00FCC /* Debug */,
				8FC3EC4E1C0E90B700F00FCC /* Release */,
			);
			defaultConfigurationIsVisible = 0;
		};
/* End XCConfigurationList section */
	};
	rootObject = 8FC3EC3D1C0E90B700F00FCC /* Project object */;
}
